# This file is autogenerated, do not edit; changes may be undone by the next 'dep ensure'.


[[projects]]
  digest = "1:c37eccd75fe3b1bfda6ee4ede093ca9438378f39c99cd8d3c7d6f2e1e6ba3822"
  name = "github.com/segmentio/kafka-go"
  packages = [
    ".",
    "sasl",
  ]
  pruneopts = "UT"
  revision = "c61692887c051e599d0e52881f2b7d79ab1f89ee"
  version = "v0.2.4"

[solve-meta]
  analyzer-name = "dep"
  analyzer-version = 1
  input-imports = ["github.com/segmentio/kafka-go"]
  solver-name = "gps-cdcl"
  solver-version = 1
