# This file is autogenerated, do not edit; changes may be undone by the next 'dep ensure'.


[[projects]]
  branch = "master"
  digest = "1:c2be999f0dc88c54af46b5d2aeb57653d326aa6aee8bef1734a5e65feea12c7d"
  name = "github.com/axamon/frodo"
  packages = ["hasher"]
  pruneopts = "UT"
  revision = "eb6887ea74c67d1e29c0335d1bdae9b09b005f25"

[solve-meta]
  analyzer-name = "dep"
  analyzer-version = 1
  input-imports = ["github.com/axamon/frodo/hasher"]
  solver-name = "gps-cdcl"
  solver-version = 1
